
Microsoft Visual Studio Solution File, Format Version 12.00
# Visual Studio Version 17
VisualStudioVersion = 17.5.33530.505
MinimumVisualStudioVersion = 10.0.40219.1
Project("{FAE04EC0-301F-11D3-BF4B-00C04F79EFBC}") = "_NScrewMC_C_V1", "_NScrewMC_C_V1\_NScrewMC_C_V1.csproj", "{3A996DA4-892E-4E28-BDA4-11EB44EB272F}"
EndProject
Global
	GlobalSection(SolutionConfigurationPlatforms) = preSolution
		Debug|Any CPU = Debug|Any CPU
		Debug|Win32 = Debug|Win32
		Debug|x64 = Debug|x64
		Release|Any CPU = Release|Any CPU
		Release|Win32 = Release|Win32
		Release|x64 = Release|x64
	EndGlobalSection
	GlobalSection(ProjectConfigurationPlatforms) = postSolution
		{3A996DA4-892E-4E28-BDA4-11EB44EB272F}.Debug|Any CPU.ActiveCfg = Debug|Any CPU
		{3A996DA4-892E-4E28-BDA4-11EB44EB272F}.Debug|Any CPU.Build.0 = Debug|Any CPU
		{3A996DA4-892E-4E28-BDA4-11EB44EB272F}.Debug|Win32.ActiveCfg = Debug|x86
		{3A996DA4-892E-4E28-BDA4-11EB44EB272F}.Debug|Win32.Build.0 = Debug|x86
		{3A996DA4-892E-4E28-BDA4-11EB44EB272F}.Debug|x64.ActiveCfg = Debug|x64
		{3A996DA4-892E-4E28-BDA4-11EB44EB272F}.Debug|x64.Build.0 = Debug|x64
		{3A996DA4-892E-4E28-BDA4-11EB44EB272F}.Release|Any CPU.ActiveCfg = Release|Any CPU
		{3A996DA4-892E-4E28-BDA4-11EB44EB272F}.Release|Any CPU.Build.0 = Release|Any CPU
		{3A996DA4-892E-4E28-BDA4-11EB44EB272F}.Release|Win32.ActiveCfg = Release|Any CPU
		{3A996DA4-892E-4E28-BDA4-11EB44EB272F}.Release|Win32.Build.0 = Release|Any CPU
		{3A996DA4-892E-4E28-BDA4-11EB44EB272F}.Release|x64.ActiveCfg = Release|x64
		{3A996DA4-892E-4E28-BDA4-11EB44EB272F}.Release|x64.Build.0 = Release|x64
	EndGlobalSection
	GlobalSection(SolutionProperties) = preSolution
		HideSolutionNode = FALSE
	EndGlobalSection
	GlobalSection(ExtensibilityGlobals) = postSolution
		SolutionGuid = {B271C501-856B-4200-A2BE-5B9A72BC9918}
	EndGlobalSection
EndGlobal
